
Microsoft Visual Studio Solution File, Format Version 12.00
# Visual Studio Version 17
VisualStudioVersion = 17.1.32421.90
MinimumVisualStudioVersion = 10.0.40219.1
Project("{FAE04EC0-301F-11D3-BF4B-00C04F79EFBC}") = "FileManage", "FileManage.csproj", "{5AC16B1D-D161-4D3F-9B24-428BD86A4FB6}"
EndProject
Global
	GlobalSection(SolutionConfigurationPlatforms) = preSolution
		Debug|Any CPU = Debug|Any CPU
		Release|Any CPU = Release|Any CPU
	EndGlobalSection
	GlobalSection(ProjectConfigurationPlatforms) = postSolution
		{5AC16B1D-D161-4D3F-9B24-428BD86A4FB6}.Debug|Any CPU.ActiveCfg = Debug|Any CPU
		{5AC16B1D-D161-4D3F-9B24-428BD86A4FB6}.Debug|Any CPU.Build.0 = Debug|Any CPU
		{5AC16B1D-D161-4D3F-9B24-428BD86A4FB6}.Release|Any CPU.ActiveCfg = Release|Any CPU
		{5AC16B1D-D161-4D3F-9B24-428BD86A4FB6}.Release|Any CPU.Build.0 = Release|Any CPU
	EndGlobalSection
	GlobalSection(SolutionProperties) = preSolution
		HideSolutionNode = FALSE
	EndGlobalSection
	GlobalSection(ExtensibilityGlobals) = postSolution
		SolutionGuid = {477F2889-32A6-4C75-95E7-1CB84FBE6730}
	EndGlobalSection
EndGlobal
